
Microsoft Visual Studio Solution File, Format Version 12.00
# Visual Studio Version 17
VisualStudioVersion = 17.11.35303.130
MinimumVisualStudioVersion = 10.0.40219.1
Project("{FAE04EC0-301F-11D3-BF4B-00C04F79EFBC}") = "university", "university\university.csproj", "{ADC7A657-C0A0-4D67-BA2C-0CCE08D26279}"
EndProject
Global
	GlobalSection(SolutionConfigurationPlatforms) = preSolution
		Debug|Any CPU = Debug|Any CPU
		Release|Any CPU = Release|Any CPU
	EndGlobalSection
	GlobalSection(ProjectConfigurationPlatforms) = postSolution
		{ADC7A657-C0A0-4D67-BA2C-0CCE08D26279}.Debug|Any CPU.ActiveCfg = Debug|Any CPU
		{ADC7A657-C0A0-4D67-BA2C-0CCE08D26279}.Debug|Any CPU.Build.0 = Debug|Any CPU
		{ADC7A657-C0A0-4D67-BA2C-0CCE08D26279}.Release|Any CPU.ActiveCfg = Release|Any CPU
		{ADC7A657-C0A0-4D67-BA2C-0CCE08D26279}.Release|Any CPU.Build.0 = Release|Any CPU
	EndGlobalSection
	GlobalSection(SolutionProperties) = preSolution
		HideSolutionNode = FALSE
	EndGlobalSection
	GlobalSection(ExtensibilityGlobals) = postSolution
		SolutionGuid = {E5353380-DA31-4772-ABCC-C7A2FE1A708C}
	EndGlobalSection
EndGlobal
